// !$*UTF8*$!
{
	archiveVersion = 1;
	classes = {
	};
	objectVersion = 50;
	objects = {

/* Begin PBXBuildFile section */
		3FD29624142A46F45527BC14 /* Pods_nri_hackUITests.framework in Frameworks */ = {isa = PBXBuildFile; fileRef = 0A232A1F16D7F763BDBC5CC3 /* Pods_nri_hackUITests.framework */; };
		4221E5C1235A1B5200F99F10 /* URL+Util.swift in Sources */ = {isa = PBXBuildFile; fileRef = 4221E5A5235A1B4F00F99F10 /* URL+Util.swift */; };
		4221E5C2235A1B5200F99F10 /* UIButton+Rx.swift in Sources */ = {isa = PBXBuildFile; fileRef = 4221E5A6235A1B4F00F99F10 /* UIButton+Rx.swift */; };
		4221E5C3235A1B5200F99F10 /* NSObject+Util.swift in Sources */ = {isa = PBXBuildFile; fileRef = 4221E5A7235A1B5000F99F10 /* NSObject+Util.swift */; };
		4221E5C4235A1B5200F99F10 /* UITableView+Util.swift in Sources */ = {isa = PBXBuildFile; fileRef = 4221E5A8235A1B5000F99F10 /* UITableView+Util.swift */; };
		4221E5C5235A1B5200F99F10 /* UIApplication+Util.swift in Sources */ = {isa = PBXBuildFile; fileRef = 4221E5A9235A1B5000F99F10 /* UIApplication+Util.swift */; };
		4221E5C6235A1B5200F99F10 /* UIAlertController+Util.swift in Sources */ = {isa = PBXBuildFile; fileRef = 4221E5AA235A1B5000F99F10 /* UIAlertController+Util.swift */; };
		4221E5C7235A1B5200F99F10 /* Collection+Util.swift in Sources */ = {isa = PBXBuildFile; fileRef = 4221E5AB235A1B5000F99F10 /* Collection+Util.swift */; };
		4221E5C8235A1B5200F99F10 /* AVAsynchronousKeyValueLoading+Rx.swift in Sources */ = {isa = PBXBuildFile; fileRef = 4221E5AC235A1B5000F99F10 /* AVAsynchronousKeyValueLoading+Rx.swift */; };
		4221E5C9235A1B5200F99F10 /* NibInstantiable.swift in Sources */ = {isa = PBXBuildFile; fileRef = 4221E5AD235A1B5000F99F10 /* NibInstantiable.swift */; };
		4221E5CA235A1B5200F99F10 /* Optional+Util.swift in Sources */ = {isa = PBXBuildFile; fileRef = 4221E5AE235A1B5000F99F10 /* Optional+Util.swift */; };
		4221E5CB235A1B5200F99F10 /* ObservableType+Util.swift in Sources */ = {isa = PBXBuildFile; fileRef = 4221E5AF235A1B5000F99F10 /* ObservableType+Util.swift */; };
		4221E5CC235A1B5200F99F10 /* UIView+Util.swift in Sources */ = {isa = PBXBuildFile; fileRef = 4221E5B0235A1B5000F99F10 /* UIView+Util.swift */; };
		4221E5CD235A1B5200F99F10 /* UIScrollView+Util.swift in Sources */ = {isa = PBXBuildFile; fileRef = 4221E5B1235A1B5000F99F10 /* UIScrollView+Util.swift */; };
		4221E5CE235A1B5200F99F10 /* AVPlayer+Rx.swift in Sources */ = {isa = PBXBuildFile; fileRef = 4221E5B2235A1B5000F99F10 /* AVPlayer+Rx.swift */; };
		4221E5CF235A1B5200F99F10 /* Dictionary+Util.swift in Sources */ = {isa = PBXBuildFile; fileRef = 4221E5B3235A1B5000F99F10 /* Dictionary+Util.swift */; };
		4221E5D0235A1B5200F99F10 /* UIScrollView+Rx.swift in Sources */ = {isa = PBXBuildFile; fileRef = 4221E5B4235A1B5000F99F10 /* UIScrollView+Rx.swift */; };
		4221E5D1235A1B5200F99F10 /* AnyObject+Rx.swift in Sources */ = {isa = PBXBuildFile; fileRef = 4221E5B5235A1B5000F99F10 /* AnyObject+Rx.swift */; };
		4221E5D2235A1B5200F99F10 /* Array+Util.swift in Sources */ = {isa = PBXBuildFile; fileRef = 4221E5B6235A1B5100F99F10 /* Array+Util.swift */; };
		4221E5D3235A1B5200F99F10 /* NSNotification+Util.swift in Sources */ = {isa = PBXBuildFile; fileRef = 4221E5B7235A1B5100F99F10 /* NSNotification+Util.swift */; };
		4221E5D4235A1B5200F99F10 /* JSONDecoder+Util.swift in Sources */ = {isa = PBXBuildFile; fileRef = 4221E5B8235A1B5100F99F10 /* JSONDecoder+Util.swift */; };
		4221E5D5235A1B5200F99F10 /* AVPlayerLayer+Rx.swift in Sources */ = {isa = PBXBuildFile; fileRef = 4221E5B9235A1B5100F99F10 /* AVPlayerLayer+Rx.swift */; };
		4221E5D6235A1B5200F99F10 /* UIImage+Util.swift in Sources */ = {isa = PBXBuildFile; fileRef = 4221E5BA235A1B5100F99F10 /* UIImage+Util.swift */; };
		4221E5D7235A1B5200F99F10 /* UIViewController+Util.swift in Sources */ = {isa = PBXBuildFile; fileRef = 4221E5BB235A1B5100F99F10 /* UIViewController+Util.swift */; };
		4221E5D9235A1B5200F99F10 /* UIColor+Util.swift in Sources */ = {isa = PBXBuildFile; fileRef = 4221E5BD235A1B5100F99F10 /* UIColor+Util.swift */; };
		4221E5DA235A1B5200F99F10 /* AVAsset+Rx.swift in Sources */ = {isa = PBXBuildFile; fileRef = 4221E5BE235A1B5100F99F10 /* AVAsset+Rx.swift */; };
		4221E5DB235A1B5200F99F10 /* AVPlayerItem+Rx.swift in Sources */ = {isa = PBXBuildFile; fileRef = 4221E5BF235A1B5100F99F10 /* AVPlayerItem+Rx.swift */; };
		4221E5DC235A1B5200F99F10 /* UIControl+Util.swift in Sources */ = {isa = PBXBuildFile; fileRef = 4221E5C0235A1B5100F99F10 /* UIControl+Util.swift */; };
		4222B0D72359F95F0049419A /* AppDelegate.swift in Sources */ = {isa = PBXBuildFile; fileRef = 4222B0D62359F95F0049419A /* AppDelegate.swift */; };
		4222B0DE2359F95F0049419A /* Assets.xcassets in Resources */ = {isa = PBXBuildFile; fileRef = 4222B0DD2359F95F0049419A /* Assets.xcassets */; };
		4222B0E12359F95F0049419A /* LaunchScreen.storyboard in Resources */ = {isa = PBXBuildFile; fileRef = 4222B0DF2359F95F0049419A /* LaunchScreen.storyboard */; };
		4222B0EC2359F9600049419A /* nri_hackTests.swift in Sources */ = {isa = PBXBuildFile; fileRef = 4222B0EB2359F9600049419A /* nri_hackTests.swift */; };
		4222B0F72359F9600049419A /* nri_hackUITests.swift in Sources */ = {isa = PBXBuildFile; fileRef = 4222B0F62359F9600049419A /* nri_hackUITests.swift */; };
		42D3A692235AF0B90055F0CA /* MenusViewController.swift in Sources */ = {isa = PBXBuildFile; fileRef = 42D3A691235AF0B90055F0CA /* MenusViewController.swift */; };
		42D3A696235B036F0055F0CA /* MenusDataSource.swift in Sources */ = {isa = PBXBuildFile; fileRef = 42D3A695235B036F0055F0CA /* MenusDataSource.swift */; };
		42D3A698235B067B0055F0CA /* MenusCell.swift in Sources */ = {isa = PBXBuildFile; fileRef = 42D3A697235B067B0055F0CA /* MenusCell.swift */; };
		42D3A69A235B06A30055F0CA /* MenusCell.xib in Resources */ = {isa = PBXBuildFile; fileRef = 42D3A699235B06A30055F0CA /* MenusCell.xib */; };
		42D3A69D235B08400055F0CA /* BaseAPIProtocol.swift in Sources */ = {isa = PBXBuildFile; fileRef = 42D3A69C235B08400055F0CA /* BaseAPIProtocol.swift */; };
		42D3A69F235B0A0D0055F0CA /* APICliant.swift in Sources */ = {isa = PBXBuildFile; fileRef = 42D3A69E235B0A0D0055F0CA /* APICliant.swift */; };
		42D3A6A8235B206D0055F0CA /* MenusSectionView.swift in Sources */ = {isa = PBXBuildFile; fileRef = 42D3A6A7235B206D0055F0CA /* MenusSectionView.swift */; };
		42D3A6AA235B20EE0055F0CA /* MenusSectionView.xib in Resources */ = {isa = PBXBuildFile; fileRef = 42D3A6A9235B20EE0055F0CA /* MenusSectionView.xib */; };
		42D3A6AD235B45A00055F0CA /* MenusRequest.swift in Sources */ = {isa = PBXBuildFile; fileRef = 42D3A6AC235B45A00055F0CA /* MenusRequest.swift */; };
		42D3A6AF235B45A70055F0CA /* MenusResponse.swift in Sources */ = {isa = PBXBuildFile; fileRef = 42D3A6AE235B45A70055F0CA /* MenusResponse.swift */; };
		42D3A6B2235B52890055F0CA /* ShopsRequest.swift in Sources */ = {isa = PBXBuildFile; fileRef = 42D3A6B1235B52890055F0CA /* ShopsRequest.swift */; };
		42D3A6B4235B59CC0055F0CA /* GoogleService-Info.plist in Resources */ = {isa = PBXBuildFile; fileRef = 42D3A6B3235B59CC0055F0CA /* GoogleService-Info.plist */; };
		42D3A6B6235B675F0055F0CA /* ShopsResponse.swift in Sources */ = {isa = PBXBuildFile; fileRef = 42D3A6B5235B675F0055F0CA /* ShopsResponse.swift */; };
		42D3A6B9235B67A80055F0CA /* MessageRequest.swift in Sources */ = {isa = PBXBuildFile; fileRef = 42D3A6B8235B67A80055F0CA /* MessageRequest.swift */; };
		42D3A6BB235B67B90055F0CA /* MessageResponse.swift in Sources */ = {isa = PBXBuildFile; fileRef = 42D3A6BA235B67B90055F0CA /* MessageResponse.swift */; };
		42D3A6BE235B6F0F0055F0CA /* MenuDetailViewController.swift in Sources */ = {isa = PBXBuildFile; fileRef = 42D3A6BD235B6F0F0055F0CA /* MenuDetailViewController.swift */; };
		42D3A6C0235B7BE00055F0CA /* MenusDetailDataSource.swift in Sources */ = {isa = PBXBuildFile; fileRef = 42D3A6BF235B7BE00055F0CA /* MenusDetailDataSource.swift */; };
		42D3A6C3235B7D7A0055F0CA /* MenuDetailSectionView.swift in Sources */ = {isa = PBXBuildFile; fileRef = 42D3A6C2235B7D7A0055F0CA /* MenuDetailSectionView.swift */; };
		42D3A6C5235B7D800055F0CA /* MenuDetailSectionView.xib in Resources */ = {isa = PBXBuildFile; fileRef = 42D3A6C4235B7D800055F0CA /* MenuDetailSectionView.xib */; };
		98A6B26B4B2027293821B0AD /* Pods_nri_hack.framework in Frameworks */ = {isa = PBXBuildFile; fileRef = 1B34DFA1EC84873A95426512 /* Pods_nri_hack.framework */; };
		C49E2703B1DE577D9070C8C2 /* Pods_nri_hackTests.framework in Frameworks */ = {isa = PBXBuildFile; fileRef = 20C3FA89E6783C5C2B25D671 /* Pods_nri_hackTests.framework */; };
/* End PBXBuildFile section */

/* Begin PBXContainerItemProxy section */
		4222B0E82359F9600049419A /* PBXContainerItemProxy */ = {
			isa = PBXContainerItemProxy;
			containerPortal = 4222B0CB2359F95F0049419A /* Project object */;
			proxyType = 1;
			remoteGlobalIDString = 4222B0D22359F95F0049419A;
			remoteInfo = nri_hack;
		};
		4222B0F32359F9600049419A /* PBXContainerItemProxy */ = {
			isa = PBXContainerItemProxy;
			containerPortal = 4222B0CB2359F95F0049419A /* Project object */;
			proxyType = 1;
			remoteGlobalIDString = 4222B0D22359F95F0049419A;
			remoteInfo = nri_hack;
		};
/* End PBXContainerItemProxy section */

/* Begin PBXFileReference section */
		07C706568B07D8347A9787C6 /* Pods-nri_hack.release.xcconfig */ = {isa = PBXFileReference; includeInIndex = 1; lastKnownFileType = text.xcconfig; name = "Pods-nri_hack.release.xcconfig"; path = "Pods/Target Support Files/Pods-nri_hack/Pods-nri_hack.release.xcconfig"; sourceTree = "<group>"; };
		0A232A1F16D7F763BDBC5CC3 /* Pods_nri_hackUITests.framework */ = {isa = PBXFileReference; explicitFileType = wrapper.framework; includeInIndex = 0; path = Pods_nri_hackUITests.framework; sourceTree = BUILT_PRODUCTS_DIR; };
		1B34DFA1EC84873A95426512 /* Pods_nri_hack.framework */ = {isa = PBXFileReference; explicitFileType = wrapper.framework; includeInIndex = 0; path = Pods_nri_hack.framework; sourceTree = BUILT_PRODUCTS_DIR; };
		20C3FA89E6783C5C2B25D671 /* Pods_nri_hackTests.framework */ = {isa = PBXFileReference; explicitFileType = wrapper.framework; includeInIndex = 0; path = Pods_nri_hackTests.framework; sourceTree = BUILT_PRODUCTS_DIR; };
		4221E5A5235A1B4F00F99F10 /* URL+Util.swift */ = {isa = PBXFileReference; fileEncoding = 4; lastKnownFileType = sourcecode.swift; path = "URL+Util.swift"; sourceTree = "<group>"; };
		4221E5A6235A1B4F00F99F10 /* UIButton+Rx.swift */ = {isa = PBXFileReference; fileEncoding = 4; lastKnownFileType = sourcecode.swift; path = "UIButton+Rx.swift"; sourceTree = "<group>"; };
		4221E5A7235A1B5000F99F10 /* NSObject+Util.swift */ = {isa = PBXFileReference; fileEncoding = 4; lastKnownFileType = sourcecode.swift; path = "NSObject+Util.swift"; sourceTree = "<group>"; };
		4221E5A8235A1B5000F99F10 /* UITableView+Util.swift */ = {isa = PBXFileReference; fileEncoding = 4; lastKnownFileType = sourcecode.swift; path = "UITableView+Util.swift"; sourceTree = "<group>"; };
		4221E5A9235A1B5000F99F10 /* UIApplication+Util.swift */ = {isa = PBXFileReference; fileEncoding = 4; lastKnownFileType = sourcecode.swift; path = "UIApplication+Util.swift"; sourceTree = "<group>"; };
		4221E5AA235A1B5000F99F10 /* UIAlertController+Util.swift */ = {isa = PBXFileReference; fileEncoding = 4; lastKnownFileType = sourcecode.swift; path = "UIAlertController+Util.swift"; sourceTree = "<group>"; };
		4221E5AB235A1B5000F99F10 /* Collection+Util.swift */ = {isa = PBXFileReference; fileEncoding = 4; lastKnownFileType = sourcecode.swift; path = "Collection+Util.swift"; sourceTree = "<group>"; };
		4221E5AC235A1B5000F99F10 /* AVAsynchronousKeyValueLoading+Rx.swift */ = {isa = PBXFileReference; fileEncoding = 4; lastKnownFileType = sourcecode.swift; path = "AVAsynchronousKeyValueLoading+Rx.swift"; sourceTree = "<group>"; };
		4221E5AD235A1B5000F99F10 /* NibInstantiable.swift */ = {isa = PBXFileReference; fileEncoding = 4; lastKnownFileType = sourcecode.swift; path = NibInstantiable.swift; sourceTree = "<group>"; };
		4221E5AE235A1B5000F99F10 /* Optional+Util.swift */ = {isa = PBXFileReference; fileEncoding = 4; lastKnownFileType = sourcecode.swift; path = "Optional+Util.swift"; sourceTree = "<group>"; };
		4221E5AF235A1B5000F99F10 /* ObservableType+Util.swift */ = {isa = PBXFileReference; fileEncoding = 4; lastKnownFileType = sourcecode.swift; path = "ObservableType+Util.swift"; sourceTree = "<group>"; };
		4221E5B0235A1B5000F99F10 /* UIView+Util.swift */ = {isa = PBXFileReference; fileEncoding = 4; lastKnownFileType = sourcecode.swift; path = "UIView+Util.swift"; sourceTree = "<group>"; };
		4221E5B1235A1B5000F99F10 /* UIScrollView+Util.swift */ = {isa = PBXFileReference; fileEncoding = 4; lastKnownFileType = sourcecode.swift; path = "UIScrollView+Util.swift"; sourceTree = "<group>"; };
		4221E5B2235A1B5000F99F10 /* AVPlayer+Rx.swift */ = {isa = PBXFileReference; fileEncoding = 4; lastKnownFileType = sourcecode.swift; path = "AVPlayer+Rx.swift"; sourceTree = "<group>"; };
		4221E5B3235A1B5000F99F10 /* Dictionary+Util.swift */ = {isa = PBXFileReference; fileEncoding = 4; lastKnownFileType = sourcecode.swift; path = "Dictionary+Util.swift"; sourceTree = "<group>"; };
		4221E5B4235A1B5000F99F10 /* UIScrollView+Rx.swift */ = {isa = PBXFileReference; fileEncoding = 4; lastKnownFileType = sourcecode.swift; path = "UIScrollView+Rx.swift"; sourceTree = "<group>"; };
		4221E5B5235A1B5000F99F10 /* AnyObject+Rx.swift */ = {isa = PBXFileReference; fileEncoding = 4; lastKnownFileType = sourcecode.swift; path = "AnyObject+Rx.swift"; sourceTree = "<group>"; };
		4221E5B6235A1B5100F99F10 /* Array+Util.swift */ = {isa = PBXFileReference; fileEncoding = 4; lastKnownFileType = sourcecode.swift; path = "Array+Util.swift"; sourceTree = "<group>"; };
		4221E5B7235A1B5100F99F10 /* NSNotification+Util.swift */ = {isa = PBXFileReference; fileEncoding = 4; lastKnownFileType = sourcecode.swift; path = "NSNotification+Util.swift"; sourceTree = "<group>"; };
		4221E5B8235A1B5100F99F10 /* JSONDecoder+Util.swift */ = {isa = PBXFileReference; fileEncoding = 4; lastKnownFileType = sourcecode.swift; path = "JSONDecoder+Util.swift"; sourceTree = "<group>"; };
		4221E5B9235A1B5100F99F10 /* AVPlayerLayer+Rx.swift */ = {isa = PBXFileReference; fileEncoding = 4; lastKnownFileType = sourcecode.swift; path = "AVPlayerLayer+Rx.swift"; sourceTree = "<group>"; };
		4221E5BA235A1B5100F99F10 /* UIImage+Util.swift */ = {isa = PBXFileReference; fileEncoding = 4; lastKnownFileType = sourcecode.swift; path = "UIImage+Util.swift"; sourceTree = "<group>"; };
		4221E5BB235A1B5100F99F10 /* UIViewController+Util.swift */ = {isa = PBXFileReference; fileEncoding = 4; lastKnownFileType = sourcecode.swift; path = "UIViewController+Util.swift"; sourceTree = "<group>"; };
		4221E5BD235A1B5100F99F10 /* UIColor+Util.swift */ = {isa = PBXFileReference; fileEncoding = 4; lastKnownFileType = sourcecode.swift; path = "UIColor+Util.swift"; sourceTree = "<group>"; };
		4221E5BE235A1B5100F99F10 /* AVAsset+Rx.swift */ = {isa = PBXFileReference; fileEncoding = 4; lastKnownFileType = sourcecode.swift; path = "AVAsset+Rx.swift"; sourceTree = "<group>"; };
		4221E5BF235A1B5100F99F10 /* AVPlayerItem+Rx.swift */ = {isa = PBXFileReference; fileEncoding = 4; lastKnownFileType = sourcecode.swift; path = "AVPlayerItem+Rx.swift"; sourceTree = "<group>"; };
		4221E5C0235A1B5100F99F10 /* UIControl+Util.swift */ = {isa = PBXFileReference; fileEncoding = 4; lastKnownFileType = sourcecode.swift; path = "UIControl+Util.swift"; sourceTree = "<group>"; };
		4222B0D32359F95F0049419A /* nri_hack.app */ = {isa = PBXFileReference; explicitFileType = wrapper.application; includeInIndex = 0; path = nri_hack.app; sourceTree = BUILT_PRODUCTS_DIR; };
		4222B0D62359F95F0049419A /* AppDelegate.swift */ = {isa = PBXFileReference; lastKnownFileType = sourcecode.swift; path = AppDelegate.swift; sourceTree = "<group>"; };
		4222B0DD2359F95F0049419A /* Assets.xcassets */ = {isa = PBXFileReference; lastKnownFileType = folder.assetcatalog; path = Assets.xcassets; sourceTree = "<group>"; };
		4222B0E02359F95F0049419A /* Base */ = {isa = PBXFileReference; lastKnownFileType = file.storyboard; name = Base; path = Base.lproj/LaunchScreen.storyboard; sourceTree = "<group>"; };
		4222B0E22359F95F0049419A /* Info.plist */ = {isa = PBXFileReference; lastKnownFileType = text.plist.xml; path = Info.plist; sourceTree = "<group>"; };
		4222B0E72359F9600049419A /* nri_hackTests.xctest */ = {isa = PBXFileReference; explicitFileType = wrapper.cfbundle; includeInIndex = 0; path = nri_hackTests.xctest; sourceTree = BUILT_PRODUCTS_DIR; };
		4222B0EB2359F9600049419A /* nri_hackTests.swift */ = {isa = PBXFileReference; lastKnownFileType = sourcecode.swift; path = nri_hackTests.swift; sourceTree = "<group>"; };
		4222B0ED2359F9600049419A /* Info.plist */ = {isa = PBXFileReference; lastKnownFileType = text.plist.xml; path = Info.plist; sourceTree = "<group>"; };
		4222B0F22359F9600049419A /* nri_hackUITests.xctest */ = {isa = PBXFileReference; explicitFileType = wrapper.cfbundle; includeInIndex = 0; path = nri_hackUITests.xctest; sourceTree = BUILT_PRODUCTS_DIR; };
		4222B0F62359F9600049419A /* nri_hackUITests.swift */ = {isa = PBXFileReference; lastKnownFileType = sourcecode.swift; path = nri_hackUITests.swift; sourceTree = "<group>"; };
		4222B0F82359F9600049419A /* Info.plist */ = {isa = PBXFileReference; lastKnownFileType = text.plist.xml; path = Info.plist; sourceTree = "<group>"; };
		42D3A691235AF0B90055F0CA /* MenusViewController.swift */ = {isa = PBXFileReference; lastKnownFileType = sourcecode.swift; path = MenusViewController.swift; sourceTree = "<group>"; };
		42D3A695235B036F0055F0CA /* MenusDataSource.swift */ = {isa = PBXFileReference; lastKnownFileType = sourcecode.swift; path = MenusDataSource.swift; sourceTree = "<group>"; };
		42D3A697235B067B0055F0CA /* MenusCell.swift */ = {isa = PBXFileReference; lastKnownFileType = sourcecode.swift; path = MenusCell.swift; sourceTree = "<group>"; };
		42D3A699235B06A30055F0CA /* MenusCell.xib */ = {isa = PBXFileReference; lastKnownFileType = file.xib; path = MenusCell.xib; sourceTree = "<group>"; };
		42D3A69C235B08400055F0CA /* BaseAPIProtocol.swift */ = {isa = PBXFileReference; lastKnownFileType = sourcecode.swift; path = BaseAPIProtocol.swift; sourceTree = "<group>"; };
		42D3A69E235B0A0D0055F0CA /* APICliant.swift */ = {isa = PBXFileReference; lastKnownFileType = sourcecode.swift; path = APICliant.swift; sourceTree = "<group>"; };
		42D3A6A7235B206D0055F0CA /* MenusSectionView.swift */ = {isa = PBXFileReference; lastKnownFileType = sourcecode.swift; path = MenusSectionView.swift; sourceTree = "<group>"; };
		42D3A6A9235B20EE0055F0CA /* MenusSectionView.xib */ = {isa = PBXFileReference; lastKnownFileType = file.xib; path = MenusSectionView.xib; sourceTree = "<group>"; };
		42D3A6AC235B45A00055F0CA /* MenusRequest.swift */ = {isa = PBXFileReference; lastKnownFileType = sourcecode.swift; path = MenusRequest.swift; sourceTree = "<group>"; };
		42D3A6AE235B45A70055F0CA /* MenusResponse.swift */ = {isa = PBXFileReference; lastKnownFileType = sourcecode.swift; path = MenusResponse.swift; sourceTree = "<group>"; };
		42D3A6B1235B52890055F0CA /* ShopsRequest.swift */ = {isa = PBXFileReference; lastKnownFileType = sourcecode.swift; path = ShopsRequest.swift; sourceTree = "<group>"; };
		42D3A6B3235B59CC0055F0CA /* GoogleService-Info.plist */ = {isa = PBXFileReference; fileEncoding = 4; lastKnownFileType = text.plist.xml; path = "GoogleService-Info.plist"; sourceTree = "<group>"; };
		42D3A6B5235B675F0055F0CA /* ShopsResponse.swift */ = {isa = PBXFileReference; lastKnownFileType = sourcecode.swift; path = ShopsResponse.swift; sourceTree = "<group>"; };
		42D3A6B8235B67A80055F0CA /* MessageRequest.swift */ = {isa = PBXFileReference; lastKnownFileType = sourcecode.swift; path = MessageRequest.swift; sourceTree = "<group>"; };
		42D3A6BA235B67B90055F0CA /* MessageResponse.swift */ = {isa = PBXFileReference; lastKnownFileType = sourcecode.swift; path = MessageResponse.swift; sourceTree = "<group>"; };
		42D3A6BD235B6F0F0055F0CA /* MenuDetailViewController.swift */ = {isa = PBXFileReference; lastKnownFileType = sourcecode.swift; path = MenuDetailViewController.swift; sourceTree = "<group>"; };
		42D3A6BF235B7BE00055F0CA /* MenusDetailDataSource.swift */ = {isa = PBXFileReference; lastKnownFileType = sourcecode.swift; path = MenusDetailDataSource.swift; sourceTree = "<group>"; };
		42D3A6C2235B7D7A0055F0CA /* MenuDetailSectionView.swift */ = {isa = PBXFileReference; lastKnownFileType = sourcecode.swift; path = MenuDetailSectionView.swift; sourceTree = "<group>"; };
		42D3A6C4235B7D800055F0CA /* MenuDetailSectionView.xib */ = {isa = PBXFileReference; lastKnownFileType = file.xib; path = MenuDetailSectionView.xib; sourceTree = "<group>"; };
		53660D6A44684EC3631A4115 /* Pods-nri_hackUITests.release.xcconfig */ = {isa = PBXFileReference; includeInIndex = 1; lastKnownFileType = text.xcconfig; name = "Pods-nri_hackUITests.release.xcconfig"; path = "Pods/Target Support Files/Pods-nri_hackUITests/Pods-nri_hackUITests.release.xcconfig"; sourceTree = "<group>"; };
		664C01EDC556D53DB4D97EC4 /* Pods-nri_hackUITests.debug.xcconfig */ = {isa = PBXFileReference; includeInIndex = 1; lastKnownFileType = text.xcconfig; name = "Pods-nri_hackUITests.debug.xcconfig"; path = "Pods/Target Support Files/Pods-nri_hackUITests/Pods-nri_hackUITests.debug.xcconfig"; sourceTree = "<group>"; };
		B9302708DE7B4168D2724665 /* Pods-nri_hack.debug.xcconfig */ = {isa = PBXFileReference; includeInIndex = 1; lastKnownFileType = text.xcconfig; name = "Pods-nri_hack.debug.xcconfig"; path = "Pods/Target Support Files/Pods-nri_hack/Pods-nri_hack.debug.xcconfig"; sourceTree = "<group>"; };
		E209476AED27D2FE9E26FF72 /* Pods-nri_hackTests.release.xcconfig */ = {isa = PBXFileReference; includeInIndex = 1; lastKnownFileType = text.xcconfig; name = "Pods-nri_hackTests.release.xcconfig"; path = "Pods/Target Support Files/Pods-nri_hackTests/Pods-nri_hackTests.release.xcconfig"; sourceTree = "<group>"; };
		F55E5C29B929DD5FDFEF4C64 /* Pods-nri_hackTests.debug.xcconfig */ = {isa = PBXFileReference; includeInIndex = 1; lastKnownFileType = text.xcconfig; name = "Pods-nri_hackTests.debug.xcconfig"; path = "Pods/Target Support Files/Pods-nri_hackTests/Pods-nri_hackTests.debug.xcconfig"; sourceTree = "<group>"; };
/* End PBXFileReference section */

/* Begin PBXFrameworksBuildPhase section */
		4222B0D02359F95F0049419A /* Frameworks */ = {
			isa = PBXFrameworksBuildPhase;
			buildActionMask = 2147483647;
			files = (
				98A6B26B4B2027293821B0AD /* Pods_nri_hack.framework in Frameworks */,
			);
			runOnlyForDeploymentPostprocessing = 0;
		};
		4222B0E42359F9600049419A /* Frameworks */ = {
			isa = PBXFrameworksBuildPhase;
			buildActionMask = 2147483647;
			files = (
				C49E2703B1DE577D9070C8C2 /* Pods_nri_hackTests.framework in Frameworks */,
			);
			runOnlyForDeploymentPostprocessing = 0;
		};
		4222B0EF2359F9600049419A /* Frameworks */ = {
			isa = PBXFrameworksBuildPhase;
			buildActionMask = 2147483647;
			files = (
				3FD29624142A46F45527BC14 /* Pods_nri_hackUITests.framework in Frameworks */,
			);
			runOnlyForDeploymentPostprocessing = 0;
		};
/* End PBXFrameworksBuildPhase section */

/* Begin PBXGroup section */
		0D387DE5DF6B8BB04CECF316 /* Pods */ = {
			isa = PBXGroup;
			children = (
				B9302708DE7B4168D2724665 /* Pods-nri_hack.debug.xcconfig */,
				07C706568B07D8347A9787C6 /* Pods-nri_hack.release.xcconfig */,
				F55E5C29B929DD5FDFEF4C64 /* Pods-nri_hackTests.debug.xcconfig */,
				E209476AED27D2FE9E26FF72 /* Pods-nri_hackTests.release.xcconfig */,
				664C01EDC556D53DB4D97EC4 /* Pods-nri_hackUITests.debug.xcconfig */,
				53660D6A44684EC3631A4115 /* Pods-nri_hackUITests.release.xcconfig */,
			);
			name = Pods;
			sourceTree = "<group>";
		};
		3FE2F0DE77F20F8909A4A726 /* Frameworks */ = {
			isa = PBXGroup;
			children = (
				1B34DFA1EC84873A95426512 /* Pods_nri_hack.framework */,
				20C3FA89E6783C5C2B25D671 /* Pods_nri_hackTests.framework */,
				0A232A1F16D7F763BDBC5CC3 /* Pods_nri_hackUITests.framework */,
			);
			name = Frameworks;
			sourceTree = "<group>";
		};
		4221E5A4235A1B3100F99F10 /* Extensions */ = {
			isa = PBXGroup;
			children = (
				4221E5B5235A1B5000F99F10 /* AnyObject+Rx.swift */,
				4221E5B6235A1B5100F99F10 /* Array+Util.swift */,
				4221E5BE235A1B5100F99F10 /* AVAsset+Rx.swift */,
				4221E5AC235A1B5000F99F10 /* AVAsynchronousKeyValueLoading+Rx.swift */,
				4221E5B2235A1B5000F99F10 /* AVPlayer+Rx.swift */,
				4221E5BF235A1B5100F99F10 /* AVPlayerItem+Rx.swift */,
				4221E5B9235A1B5100F99F10 /* AVPlayerLayer+Rx.swift */,
				4221E5AB235A1B5000F99F10 /* Collection+Util.swift */,
				4221E5B3235A1B5000F99F10 /* Dictionary+Util.swift */,
				4221E5B8235A1B5100F99F10 /* JSONDecoder+Util.swift */,
				4221E5AD235A1B5000F99F10 /* NibInstantiable.swift */,
				4221E5B7235A1B5100F99F10 /* NSNotification+Util.swift */,
				4221E5A7235A1B5000F99F10 /* NSObject+Util.swift */,
				4221E5AF235A1B5000F99F10 /* ObservableType+Util.swift */,
				4221E5AE235A1B5000F99F10 /* Optional+Util.swift */,
				4221E5AA235A1B5000F99F10 /* UIAlertController+Util.swift */,
				4221E5A9235A1B5000F99F10 /* UIApplication+Util.swift */,
				4221E5A6235A1B4F00F99F10 /* UIButton+Rx.swift */,
				4221E5BD235A1B5100F99F10 /* UIColor+Util.swift */,
				4221E5C0235A1B5100F99F10 /* UIControl+Util.swift */,
				4221E5BA235A1B5100F99F10 /* UIImage+Util.swift */,
				4221E5B4235A1B5000F99F10 /* UIScrollView+Rx.swift */,
				4221E5B1235A1B5000F99F10 /* UIScrollView+Util.swift */,
				4221E5A8235A1B5000F99F10 /* UITableView+Util.swift */,
				4221E5B0235A1B5000F99F10 /* UIView+Util.swift */,
				4221E5BB235A1B5100F99F10 /* UIViewController+Util.swift */,
				4221E5A5235A1B4F00F99F10 /* URL+Util.swift */,
			);
			path = Extensions;
			sourceTree = "<group>";
		};
		4222B0CA2359F95F0049419A = {
			isa = PBXGroup;
			children = (
				4222B0D52359F95F0049419A /* nri_hack */,
				4222B0EA2359F9600049419A /* nri_hackTests */,
				4222B0F52359F9600049419A /* nri_hackUITests */,
				4222B0D42359F95F0049419A /* Products */,
				0D387DE5DF6B8BB04CECF316 /* Pods */,
				3FE2F0DE77F20F8909A4A726 /* Frameworks */,
			);
			sourceTree = "<group>";
		};
		4222B0D42359F95F0049419A /* Products */ = {
			isa = PBXGroup;
			children = (
				4222B0D32359F95F0049419A /* nri_hack.app */,
				4222B0E72359F9600049419A /* nri_hackTests.xctest */,
				4222B0F22359F9600049419A /* nri_hackUITests.xctest */,
			);
			name = Products;
			sourceTree = "<group>";
		};
		4222B0D52359F95F0049419A /* nri_hack */ = {
			isa = PBXGroup;
			children = (
				4222B0D62359F95F0049419A /* AppDelegate.swift */,
				42D3A69B235B07D60055F0CA /* Network */,
				42D3A68F235AEB7A0055F0CA /* Main */,
				4221E5A4235A1B3100F99F10 /* Extensions */,
				4222B0DD2359F95F0049419A /* Assets.xcassets */,
				4222B0DF2359F95F0049419A /* LaunchScreen.storyboard */,
				4222B0E22359F95F0049419A /* Info.plist */,
				42D3A6B3235B59CC0055F0CA /* GoogleService-Info.plist */,
			);
			path = nri_hack;
			sourceTree = "<group>";
		};
		4222B0EA2359F9600049419A /* nri_hackTests */ = {
			isa = PBXGroup;
			children = (
				4222B0EB2359F9600049419A /* nri_hackTests.swift */,
				4222B0ED2359F9600049419A /* Info.plist */,
			);
			path = nri_hackTests;
			sourceTree = "<group>";
		};
		4222B0F52359F9600049419A /* nri_hackUITests */ = {
			isa = PBXGroup;
			children = (
				4222B0F62359F9600049419A /* nri_hackUITests.swift */,
				4222B0F82359F9600049419A /* Info.plist */,
			);
			path = nri_hackUITests;
			sourceTree = "<group>";
		};
		42D3A68F235AEB7A0055F0CA /* Main */ = {
			isa = PBXGroup;
			children = (
				42D3A690235AF0A60055F0CA /* Menu */,
				42D3A6BC235B6E690055F0CA /* MenuDetail */,
			);
			path = Main;
			sourceTree = "<group>";
		};
		42D3A690235AF0A60055F0CA /* Menu */ = {
			isa = PBXGroup;
			children = (
				42D3A691235AF0B90055F0CA /* MenusViewController.swift */,
				42D3A695235B036F0055F0CA /* MenusDataSource.swift */,
				42D3A6A6235B203A0055F0CA /* MenusSectionView */,
				42D3A6A0235B1EFF0055F0CA /* MenusCell */,
			);
			path = Menu;
			sourceTree = "<group>";
		};
		42D3A69B235B07D60055F0CA /* Network */ = {
			isa = PBXGroup;
			children = (
				42D3A6B7235B67920055F0CA /* Message */,
				42D3A6B0235B51AB0055F0CA /* Shops */,
				42D3A6AB235B458E0055F0CA /* Menus */,
				42D3A69C235B08400055F0CA /* BaseAPIProtocol.swift */,
				42D3A69E235B0A0D0055F0CA /* APICliant.swift */,
			);
			path = Network;
			sourceTree = "<group>";
		};
		42D3A6A0235B1EFF0055F0CA /* MenusCell */ = {
			isa = PBXGroup;
			children = (
				42D3A697235B067B0055F0CA /* MenusCell.swift */,
				42D3A699235B06A30055F0CA /* MenusCell.xib */,
			);
			path = MenusCell;
			sourceTree = "<group>";
		};
		42D3A6A6235B203A0055F0CA /* MenusSectionView */ = {
			isa = PBXGroup;
			children = (
				42D3A6A7235B206D0055F0CA /* MenusSectionView.swift */,
				42D3A6A9235B20EE0055F0CA /* MenusSectionView.xib */,
			);
			path = MenusSectionView;
			sourceTree = "<group>";
		};
		42D3A6AB235B458E0055F0CA /* Menus */ = {
			isa = PBXGroup;
			children = (
				42D3A6AC235B45A00055F0CA /* MenusRequest.swift */,
				42D3A6AE235B45A70055F0CA /* MenusResponse.swift */,
			);
			path = Menus;
			sourceTree = "<group>";
		};
		42D3A6B0235B51AB0055F0CA /* Shops */ = {
			isa = PBXGroup;
			children = (
				42D3A6B1235B52890055F0CA /* ShopsRequest.swift */,
				42D3A6B5235B675F0055F0CA /* ShopsResponse.swift */,
			);
			path = Shops;
			sourceTree = "<group>";
		};
		42D3A6B7235B67920055F0CA /* Message */ = {
			isa = PBXGroup;
			children = (
				42D3A6B8235B67A80055F0CA /* MessageRequest.swift */,
				42D3A6BA235B67B90055F0CA /* MessageResponse.swift */,
			);
			path = Message;
			sourceTree = "<group>";
		};
		42D3A6BC235B6E690055F0CA /* MenuDetail */ = {
			isa = PBXGroup;
			children = (
				42D3A6BD235B6F0F0055F0CA /* MenuDetailViewController.swift */,
				42D3A6BF235B7BE00055F0CA /* MenusDetailDataSource.swift */,
				42D3A6C1235B7D690055F0CA /* MenuDetailSectionView */,
			);
			path = MenuDetail;
			sourceTree = "<group>";
		};
		42D3A6C1235B7D690055F0CA /* MenuDetailSectionView */ = {
			isa = PBXGroup;
			children = (
				42D3A6C2235B7D7A0055F0CA /* MenuDetailSectionView.swift */,
				42D3A6C4235B7D800055F0CA /* MenuDetailSectionView.xib */,
			);
			path = MenuDetailSectionView;
			sourceTree = "<group>";
		};
/* End PBXGroup section */

/* Begin PBXNativeTarget section */
		4222B0D22359F95F0049419A /* nri_hack */ = {
			isa = PBXNativeTarget;
			buildConfigurationList = 4222B0FB2359F9600049419A /* Build configuration list for PBXNativeTarget "nri_hack" */;
			buildPhases = (
				E90948610810D591CC5694DA /* [CP] Check Pods Manifest.lock */,
				4222B0CF2359F95F0049419A /* Sources */,
				4222B0D02359F95F0049419A /* Frameworks */,
				4222B0D12359F95F0049419A /* Resources */,
				A959024895A0372556664F7E /* [CP] Embed Pods Frameworks */,
				660382183C22E5B0A5121A96 /* [CP] Copy Pods Resources */,
			);
			buildRules = (
			);
			dependencies = (
			);
			name = nri_hack;
			productName = nri_hack;
			productReference = 4222B0D32359F95F0049419A /* nri_hack.app */;
			productType = "com.apple.product-type.application";
		};
		4222B0E62359F9600049419A /* nri_hackTests */ = {
			isa = PBXNativeTarget;
			buildConfigurationList = 4222B0FE2359F9600049419A /* Build configuration list for PBXNativeTarget "nri_hackTests" */;
			buildPhases = (
				38CD32997380A02AFD0A57AD /* [CP] Check Pods Manifest.lock */,
				4222B0E32359F9600049419A /* Sources */,
				4222B0E42359F9600049419A /* Frameworks */,
				4222B0E52359F9600049419A /* Resources */,
			);
			buildRules = (
			);
			dependencies = (
				4222B0E92359F9600049419A /* PBXTargetDependency */,
			);
			name = nri_hackTests;
			productName = nri_hackTests;
			productReference = 4222B0E72359F9600049419A /* nri_hackTests.xctest */;
			productType = "com.apple.product-type.bundle.unit-test";
		};
		4222B0F12359F9600049419A /* nri_hackUITests */ = {
			isa = PBXNativeTarget;
			buildConfigurationList = 4222B1012359F9600049419A /* Build configuration list for PBXNativeTarget "nri_hackUITests" */;
			buildPhases = (
				152256597D6EA9E1F452CD4F /* [CP] Check Pods Manifest.lock */,
				4222B0EE2359F9600049419A /* Sources */,
				4222B0EF2359F9600049419A /* Frameworks */,
				4222B0F02359F9600049419A /* Resources */,
			);
			buildRules = (
			);
			dependencies = (
				4222B0F42359F9600049419A /* PBXTargetDependency */,
			);
			name = nri_hackUITests;
			productName = nri_hackUITests;
			productReference = 4222B0F22359F9600049419A /* nri_hackUITests.xctest */;
			productType = "com.apple.product-type.bundle.ui-testing";
		};
/* End PBXNativeTarget section */

/* Begin PBXProject section */
		4222B0CB2359F95F0049419A /* Project object */ = {
			isa = PBXProject;
			attributes = {
				LastSwiftUpdateCheck = 1030;
				LastUpgradeCheck = 1030;
				ORGANIZATIONNAME = HIromu;
				TargetAttributes = {
					4222B0D22359F95F0049419A = {
						CreatedOnToolsVersion = 10.3;
					};
					4222B0E62359F9600049419A = {
						CreatedOnToolsVersion = 10.3;
						TestTargetID = 4222B0D22359F95F0049419A;
					};
					4222B0F12359F9600049419A = {
						CreatedOnToolsVersion = 10.3;
						TestTargetID = 4222B0D22359F95F0049419A;
					};
				};
			};
			buildConfigurationList = 4222B0CE2359F95F0049419A /* Build configuration list for PBXProject "nri_hack" */;
			compatibilityVersion = "Xcode 9.3";
			developmentRegion = en;
			hasScannedForEncodings = 0;
			knownRegions = (
				en,
				Base,
			);
			mainGroup = 4222B0CA2359F95F0049419A;
			productRefGroup = 4222B0D42359F95F0049419A /* Products */;
			projectDirPath = "";
			projectRoot = "";
			targets = (
				4222B0D22359F95F0049419A /* nri_hack */,
				4222B0E62359F9600049419A /* nri_hackTests */,
				4222B0F12359F9600049419A /* nri_hackUITests */,
			);
		};
/* End PBXProject section */

/* Begin PBXResourcesBuildPhase section */
		4222B0D12359F95F0049419A /* Resources */ = {
			isa = PBXResourcesBuildPhase;
			buildActionMask = 2147483647;
			files = (
				42D3A6AA235B20EE0055F0CA /* MenusSectionView.xib in Resources */,
				4222B0E12359F95F0049419A /* LaunchScreen.storyboard in Resources */,
				42D3A6B4235B59CC0055F0CA /* GoogleService-Info.plist in Resources */,
				42D3A69A235B06A30055F0CA /* MenusCell.xib in Resources */,
				42D3A6C5235B7D800055F0CA /* MenuDetailSectionView.xib in Resources */,
				4222B0DE2359F95F0049419A /* Assets.xcassets in Resources */,
			);
			runOnlyForDeploymentPostprocessing = 0;
		};
		4222B0E52359F9600049419A /* Resources */ = {
			isa = PBXResourcesBuildPhase;
			buildActionMask = 2147483647;
			files = (
			);
			runOnlyForDeploymentPostprocessing = 0;
		};
		4222B0F02359F9600049419A /* Resources */ = {
			isa = PBXResourcesBuildPhase;
			buildActionMask = 2147483647;
			files = (
			);
			runOnlyForDeploymentPostprocessing = 0;
		};
/* End PBXResourcesBuildPhase section */

/* Begin PBXShellScriptBuildPhase section */
		152256597D6EA9E1F452CD4F /* [CP] Check Pods Manifest.lock */ = {
			isa = PBXShellScriptBuildPhase;
			buildActionMask = 2147483647;
			files = (
			);
			inputFileListPaths = (
			);
			inputPaths = (
				"${PODS_PODFILE_DIR_PATH}/Podfile.lock",
				"${PODS_ROOT}/Manifest.lock",
			);
			name = "[CP] Check Pods Manifest.lock";
			outputFileListPaths = (
			);
			outputPaths = (
				"$(DERIVED_FILE_DIR)/Pods-nri_hackUITests-checkManifestLockResult.txt",
			);
			runOnlyForDeploymentPostprocessing = 0;
			shellPath = /bin/sh;
			shellScript = "diff \"${PODS_PODFILE_DIR_PATH}/Podfile.lock\" \"${PODS_ROOT}/Manifest.lock\" > /dev/null\nif [ $? != 0 ] ; then\n    # print error to STDERR\n    echo \"error: The sandbox is not in sync with the Podfile.lock. Run 'pod install' or update your CocoaPods installation.\" >&2\n    exit 1\nfi\n# This output is used by Xcode 'outputs' to avoid re-running this script phase.\necho \"SUCCESS\" > \"${SCRIPT_OUTPUT_FILE_0}\"\n";
			showEnvVarsInLog = 0;
		};
		38CD32997380A02AFD0A57AD /* [CP] Check Pods Manifest.lock */ = {
			isa = PBXShellScriptBuildPhase;
			buildActionMask = 2147483647;
			files = (
			);
			inputFileListPaths = (
			);
			inputPaths = (
				"${PODS_PODFILE_DIR_PATH}/Podfile.lock",
				"${PODS_ROOT}/Manifest.lock",
			);
			name = "[CP] Check Pods Manifest.lock";
			outputFileListPaths = (
			);
			outputPaths = (
				"$(DERIVED_FILE_DIR)/Pods-nri_hackTests-checkManifestLockResult.txt",
			);
			runOnlyForDeploymentPostprocessing = 0;
			shellPath = /bin/sh;
			shellScript = "diff \"${PODS_PODFILE_DIR_PATH}/Podfile.lock\" \"${PODS_ROOT}/Manifest.lock\" > /dev/null\nif [ $? != 0 ] ; then\n    # print error to STDERR\n    echo \"error: The sandbox is not in sync with the Podfile.lock. Run 'pod install' or update your CocoaPods installation.\" >&2\n    exit 1\nfi\n# This output is used by Xcode 'outputs' to avoid re-running this script phase.\necho \"SUCCESS\" > \"${SCRIPT_OUTPUT_FILE_0}\"\n";
			showEnvVarsInLog = 0;
		};
		660382183C22E5B0A5121A96 /* [CP] Copy Pods Resources */ = {
			isa = PBXShellScriptBuildPhase;
			buildActionMask = 2147483647;
			files = (
			);
			inputFileListPaths = (
			);
			inputPaths = (
				"${SRCROOT}/Pods/Target Support Files/Pods-nri_hack/Pods-nri_hack-resources.sh",
				"${PODS_CONFIGURATION_BUILD_DIR}/FirebaseInAppMessagingDisplay/InAppMessagingDisplayResources.bundle",
				"${PODS_CONFIGURATION_BUILD_DIR}/FirebaseMLVisionFaceModel/GoogleMVFaceDetectorResources.bundle",
			);
			name = "[CP] Copy Pods Resources";
			outputFileListPaths = (
			);
			outputPaths = (
				"${TARGET_BUILD_DIR}/${UNLOCALIZED_RESOURCES_FOLDER_PATH}/InAppMessagingDisplayResources.bundle",
				"${TARGET_BUILD_DIR}/${UNLOCALIZED_RESOURCES_FOLDER_PATH}/GoogleMVFaceDetectorResources.bundle",
			);
			runOnlyForDeploymentPostprocessing = 0;
			shellPath = /bin/sh;
			shellScript = "\"${SRCROOT}/Pods/Target Support Files/Pods-nri_hack/Pods-nri_hack-resources.sh\"\n";
			showEnvVarsInLog = 0;
		};
		A959024895A0372556664F7E /* [CP] Embed Pods Frameworks */ = {
			isa = PBXShellScriptBuildPhase;
			buildActionMask = 2147483647;
			files = (
			);
			inputFileListPaths = (
			);
			inputPaths = (
				"${SRCROOT}/Pods/Target Support Files/Pods-nri_hack/Pods-nri_hack-frameworks.sh",
				"${BUILT_PRODUCTS_DIR}/Alamofire/Alamofire.framework",
				"${BUILT_PRODUCTS_DIR}/BoringSSL-GRPC/openssl_grpc.framework",
				"${BUILT_PRODUCTS_DIR}/GTMSessionFetcher/GTMSessionFetcher.framework",
				"${BUILT_PRODUCTS_DIR}/GoogleAPIClientForREST/GoogleAPIClientForREST.framework",
				"${BUILT_PRODUCTS_DIR}/GoogleToolboxForMac/GoogleToolboxForMac.framework",
				"${BUILT_PRODUCTS_DIR}/GoogleUtilities/GoogleUtilities.framework",
				"${BUILT_PRODUCTS_DIR}/Hero/Hero.framework",
				"${BUILT_PRODUCTS_DIR}/IBMSwiftSDKCore/IBMSwiftSDKCore.framework",
				"${BUILT_PRODUCTS_DIR}/IBMWatsonAssistantV1/Assistant.framework",
				"${BUILT_PRODUCTS_DIR}/IBMWatsonAssistantV2/Assistant.framework",
				"${BUILT_PRODUCTS_DIR}/IBMWatsonCompareComplyV1/CompareComply.framework",
				"${BUILT_PRODUCTS_DIR}/IBMWatsonDiscoveryV1/Discovery.framework",
				"${BUILT_PRODUCTS_DIR}/IBMWatsonLanguageTranslatorV3/LanguageTranslator.framework",
				"${BUILT_PRODUCTS_DIR}/IBMWatsonNaturalLanguageClassifierV1/NaturalLanguageClassifier.framework",
				"${BUILT_PRODUCTS_DIR}/IBMWatsonNaturalLanguageUnderstandingV1/NaturalLanguageUnderstanding.framework",
				"${BUILT_PRODUCTS_DIR}/IBMWatsonPersonalityInsightsV3/PersonalityInsights.framework",
				"${BUILT_PRODUCTS_DIR}/IBMWatsonSpeechToTextV1/SpeechToText.framework",
				"${BUILT_PRODUCTS_DIR}/IBMWatsonTextToSpeechV1/TextToSpeech.framework",
				"${BUILT_PRODUCTS_DIR}/IBMWatsonToneAnalyzerV3/ToneAnalyzer.framework",
				"${BUILT_PRODUCTS_DIR}/IBMWatsonVisualRecognitionV3/VisualRecognition.framework",
				"${BUILT_PRODUCTS_DIR}/Nuke/Nuke.framework",
				"${BUILT_PRODUCTS_DIR}/PromisesObjC/FBLPromises.framework",
				"${BUILT_PRODUCTS_DIR}/PromisesSwift/Promises.framework",
				"${BUILT_PRODUCTS_DIR}/Protobuf/Protobuf.framework",
				"${BUILT_PRODUCTS_DIR}/RxCocoa/RxCocoa.framework",
				"${BUILT_PRODUCTS_DIR}/RxRelay/RxRelay.framework",
				"${BUILT_PRODUCTS_DIR}/RxSwift/RxSwift.framework",
				"${BUILT_PRODUCTS_DIR}/SVProgressHUD/SVProgressHUD.framework",
				"${BUILT_PRODUCTS_DIR}/Starscream/Starscream.framework",
				"${BUILT_PRODUCTS_DIR}/gRPC-C++/grpcpp.framework",
				"${BUILT_PRODUCTS_DIR}/gRPC-Core/grpc.framework",
				"${BUILT_PRODUCTS_DIR}/kintone-ios-sdk/kintone_ios_sdk.framework",
				"${BUILT_PRODUCTS_DIR}/leveldb-library/leveldb.framework",
				"${BUILT_PRODUCTS_DIR}/lottie-ios/Lottie.framework",
				"${BUILT_PRODUCTS_DIR}/nanopb/nanopb.framework",
			);
			name = "[CP] Embed Pods Frameworks";
			outputFileListPaths = (
			);
			outputPaths = (
				"${TARGET_BUILD_DIR}/${FRAMEWORKS_FOLDER_PATH}/Alamofire.framework",
				"${TARGET_BUILD_DIR}/${FRAMEWORKS_FOLDER_PATH}/openssl_grpc.framework",
				"${TARGET_BUILD_DIR}/${FRAMEWORKS_FOLDER_PATH}/GTMSessionFetcher.framework",
				"${TARGET_BUILD_DIR}/${FRAMEWORKS_FOLDER_PATH}/GoogleAPIClientForREST.framework",
				"${TARGET_BUILD_DIR}/${FRAMEWORKS_FOLDER_PATH}/GoogleToolboxForMac.framework",
				"${TARGET_BUILD_DIR}/${FRAMEWORKS_FOLDER_PATH}/GoogleUtilities.framework",
				"${TARGET_BUILD_DIR}/${FRAMEWORKS_FOLDER_PATH}/Hero.framework",
				"${TARGET_BUILD_DIR}/${FRAMEWORKS_FOLDER_PATH}/IBMSwiftSDKCore.framework",
				"${TARGET_BUILD_DIR}/${FRAMEWORKS_FOLDER_PATH}/Assistant.framework",
				"${TARGET_BUILD_DIR}/${FRAMEWORKS_FOLDER_PATH}/CompareComply.framework",
				"${TARGET_BUILD_DIR}/${FRAMEWORKS_FOLDER_PATH}/Discovery.framework",
				"${TARGET_BUILD_DIR}/${FRAMEWORKS_FOLDER_PATH}/LanguageTranslator.framework",
				"${TARGET_BUILD_DIR}/${FRAMEWORKS_FOLDER_PATH}/NaturalLanguageClassifier.framework",
				"${TARGET_BUILD_DIR}/${FRAMEWORKS_FOLDER_PATH}/NaturalLanguageUnderstanding.framework",
				"${TARGET_BUILD_DIR}/${FRAMEWORKS_FOLDER_PATH}/PersonalityInsights.framework",
				"${TARGET_BUILD_DIR}/${FRAMEWORKS_FOLDER_PATH}/SpeechToText.framework",
				"${TARGET_BUILD_DIR}/${FRAMEWORKS_FOLDER_PATH}/TextToSpeech.framework",
				"${TARGET_BUILD_DIR}/${FRAMEWORKS_FOLDER_PATH}/ToneAnalyzer.framework",
				"${TARGET_BUILD_DIR}/${FRAMEWORKS_FOLDER_PATH}/VisualRecognition.framework",
				"${TARGET_BUILD_DIR}/${FRAMEWORKS_FOLDER_PATH}/Nuke.framework",
				"${TARGET_BUILD_DIR}/${FRAMEWORKS_FOLDER_PATH}/FBLPromises.framework",
				"${TARGET_BUILD_DIR}/${FRAMEWORKS_FOLDER_PATH}/Promises.framework",
				"${TARGET_BUILD_DIR}/${FRAMEWORKS_FOLDER_PATH}/Protobuf.framework",
				"${TARGET_BUILD_DIR}/${FRAMEWORKS_FOLDER_PATH}/RxCocoa.framework",
				"${TARGET_BUILD_DIR}/${FRAMEWORKS_FOLDER_PATH}/RxRelay.framework",
				"${TARGET_BUILD_DIR}/${FRAMEWORKS_FOLDER_PATH}/RxSwift.framework",
				"${TARGET_BUILD_DIR}/${FRAMEWORKS_FOLDER_PATH}/SVProgressHUD.framework",
				"${TARGET_BUILD_DIR}/${FRAMEWORKS_FOLDER_PATH}/Starscream.framework",
				"${TARGET_BUILD_DIR}/${FRAMEWORKS_FOLDER_PATH}/grpcpp.framework",
				"${TARGET_BUILD_DIR}/${FRAMEWORKS_FOLDER_PATH}/grpc.framework",
				"${TARGET_BUILD_DIR}/${FRAMEWORKS_FOLDER_PATH}/kintone_ios_sdk.framework",
				"${TARGET_BUILD_DIR}/${FRAMEWORKS_FOLDER_PATH}/leveldb.framework",
				"${TARGET_BUILD_DIR}/${FRAMEWORKS_FOLDER_PATH}/Lottie.framework",
				"${TARGET_BUILD_DIR}/${FRAMEWORKS_FOLDER_PATH}/nanopb.framework",
			);
			runOnlyForDeploymentPostprocessing = 0;
			shellPath = /bin/sh;
			shellScript = "\"${SRCROOT}/Pods/Target Support Files/Pods-nri_hack/Pods-nri_hack-frameworks.sh\"\n";
			showEnvVarsInLog = 0;
		};
		E90948610810D591CC5694DA /* [CP] Check Pods Manifest.lock */ = {
			isa = PBXShellScriptBuildPhase;
			buildActionMask = 2147483647;
			files = (
			);
			inputFileListPaths = (
			);
			inputPaths = (
				"${PODS_PODFILE_DIR_PATH}/Podfile.lock",
				"${PODS_ROOT}/Manifest.lock",
			);
			name = "[CP] Check Pods Manifest.lock";
			outputFileListPaths = (
			);
			outputPaths = (
				"$(DERIVED_FILE_DIR)/Pods-nri_hack-checkManifestLockResult.txt",
			);
			runOnlyForDeploymentPostprocessing = 0;
			shellPath = /bin/sh;
			shellScript = "diff \"${PODS_PODFILE_DIR_PATH}/Podfile.lock\" \"${PODS_ROOT}/Manifest.lock\" > /dev/null\nif [ $? != 0 ] ; then\n    # print error to STDERR\n    echo \"error: The sandbox is not in sync with the Podfile.lock. Run 'pod install' or update your CocoaPods installation.\" >&2\n    exit 1\nfi\n# This output is used by Xcode 'outputs' to avoid re-running this script phase.\necho \"SUCCESS\" > \"${SCRIPT_OUTPUT_FILE_0}\"\n";
			showEnvVarsInLog = 0;
		};
/* End PBXShellScriptBuildPhase section */

/* Begin PBXSourcesBuildPhase section */
		4222B0CF2359F95F0049419A /* Sources */ = {
			isa = PBXSourcesBuildPhase;
			buildActionMask = 2147483647;
			files = (
				4221E5D4235A1B5200F99F10 /* JSONDecoder+Util.swift in Sources */,
				4221E5CD235A1B5200F99F10 /* UIScrollView+Util.swift in Sources */,
				42D3A6C0235B7BE00055F0CA /* MenusDetailDataSource.swift in Sources */,
				4221E5D9235A1B5200F99F10 /* UIColor+Util.swift in Sources */,
				42D3A6BB235B67B90055F0CA /* MessageResponse.swift in Sources */,
				4221E5D0235A1B5200F99F10 /* UIScrollView+Rx.swift in Sources */,
				4221E5CC235A1B5200F99F10 /* UIView+Util.swift in Sources */,
				4221E5C5235A1B5200F99F10 /* UIApplication+Util.swift in Sources */,
				4221E5D7235A1B5200F99F10 /* UIViewController+Util.swift in Sources */,
				42D3A696235B036F0055F0CA /* MenusDataSource.swift in Sources */,
				42D3A6C3235B7D7A0055F0CA /* MenuDetailSectionView.swift in Sources */,
				4221E5C7235A1B5200F99F10 /* Collection+Util.swift in Sources */,
				42D3A698235B067B0055F0CA /* MenusCell.swift in Sources */,
				4221E5C3235A1B5200F99F10 /* NSObject+Util.swift in Sources */,
				42D3A6BE235B6F0F0055F0CA /* MenuDetailViewController.swift in Sources */,
				42D3A692235AF0B90055F0CA /* MenusViewController.swift in Sources */,
				4221E5CE235A1B5200F99F10 /* AVPlayer+Rx.swift in Sources */,
				42D3A6B9235B67A80055F0CA /* MessageRequest.swift in Sources */,
				4221E5D5235A1B5200F99F10 /* AVPlayerLayer+Rx.swift in Sources */,
				4221E5C6235A1B5200F99F10 /* UIAlertController+Util.swift in Sources */,
				42D3A6B6235B675F0055F0CA /* ShopsResponse.swift in Sources */,
				4221E5CB235A1B5200F99F10 /* ObservableType+Util.swift in Sources */,
				4221E5DC235A1B5200F99F10 /* UIControl+Util.swift in Sources */,
				42D3A6AD235B45A00055F0CA /* MenusRequest.swift in Sources */,
				42D3A6B2235B52890055F0CA /* ShopsRequest.swift in Sources */,
				4221E5DA235A1B5200F99F10 /* AVAsset+Rx.swift in Sources */,
				42D3A6A8235B206D0055F0CA /* MenusSectionView.swift in Sources */,
				4221E5D1235A1B5200F99F10 /* AnyObject+Rx.swift in Sources */,
				4221E5CA235A1B5200F99F10 /* Optional+Util.swift in Sources */,
				4221E5C9235A1B5200F99F10 /* NibInstantiable.swift in Sources */,
				4221E5C1235A1B5200F99F10 /* URL+Util.swift in Sources */,
				4221E5CF235A1B5200F99F10 /* Dictionary+Util.swift in Sources */,
				42D3A69D235B08400055F0CA /* BaseAPIProtocol.swift in Sources */,
				42D3A69F235B0A0D0055F0CA /* APICliant.swift in Sources */,
				4221E5D2235A1B5200F99F10 /* Array+Util.swift in Sources */,
				4221E5C4235A1B5200F99F10 /* UITableView+Util.swift in Sources */,
				4221E5C8235A1B5200F99F10 /* AVAsynchronousKeyValueLoading+Rx.swift in Sources */,
				4222B0D72359F95F0049419A /* AppDelegate.swift in Sources */,
				4221E5DB235A1B5200F99F10 /* AVPlayerItem+Rx.swift in Sources */,
				4221E5C2235A1B5200F99F10 /* UIButton+Rx.swift in Sources */,
				4221E5D3235A1B5200F99F10 /* NSNotification+Util.swift in Sources */,
				4221E5D6235A1B5200F99F10 /* UIImage+Util.swift in Sources */,
				42D3A6AF235B45A70055F0CA /* MenusResponse.swift in Sources */,
			);
			runOnlyForDeploymentPostprocessing = 0;
		};
		4222B0E32359F9600049419A /* Sources */ = {
			isa = PBXSourcesBuildPhase;
			buildActionMask = 2147483647;
			files = (
				4222B0EC2359F9600049419A /* nri_hackTests.swift in Sources */,
			);
			runOnlyForDeploymentPostprocessing = 0;
		};
		4222B0EE2359F9600049419A /* Sources */ = {
			isa = PBXSourcesBuildPhase;
			buildActionMask = 2147483647;
			files = (
				4222B0F72359F9600049419A /* nri_hackUITests.swift in Sources */,
			);
			runOnlyForDeploymentPostprocessing = 0;
		};
/* End PBXSourcesBuildPhase section */

/* Begin PBXTargetDependency section */
		4222B0E92359F9600049419A /* PBXTargetDependency */ = {
			isa = PBXTargetDependency;
			target = 4222B0D22359F95F0049419A /* nri_hack */;
			targetProxy = 4222B0E82359F9600049419A /* PBXContainerItemProxy */;
		};
		4222B0F42359F9600049419A /* PBXTargetDependency */ = {
			isa = PBXTargetDependency;
			target = 4222B0D22359F95F0049419A /* nri_hack */;
			targetProxy = 4222B0F32359F9600049419A /* PBXContainerItemProxy */;
		};
/* End PBXTargetDependency section */

/* Begin PBXVariantGroup section */
		4222B0DF2359F95F0049419A /* LaunchScreen.storyboard */ = {
			isa = PBXVariantGroup;
			children = (
				4222B0E02359F95F0049419A /* Base */,
			);
			name = LaunchScreen.storyboard;
			sourceTree = "<group>";
		};
/* End PBXVariantGroup section */

/* Begin XCBuildConfiguration section */
		4222B0F92359F9600049419A /* Debug */ = {
			isa = XCBuildConfiguration;
			buildSettings = {
				ALWAYS_SEARCH_USER_PATHS = NO;
				CLANG_ANALYZER_NONNULL = YES;
				CLANG_ANALYZER_NUMBER_OBJECT_CONVERSION = YES_AGGRESSIVE;
				CLANG_CXX_LANGUAGE_STANDARD = "gnu++14";
				CLANG_CXX_LIBRARY = "libc++";
				CLANG_ENABLE_MODULES = YES;
				CLANG_ENABLE_OBJC_ARC = YES;
				CLANG_ENABLE_OBJC_WEAK = YES;
				CLANG_WARN_BLOCK_CAPTURE_AUTORELEASING = YES;
				CLANG_WARN_BOOL_CONVERSION = YES;
				CLANG_WARN_COMMA = YES;
				CLANG_WARN_CONSTANT_CONVERSION = YES;
				CLANG_WARN_DEPRECATED_OBJC_IMPLEMENTATIONS = YES;
				CLANG_WARN_DIRECT_OBJC_ISA_USAGE = YES_ERROR;
				CLANG_WARN_DOCUMENTATION_COMMENTS = YES;
				CLANG_WARN_EMPTY_BODY = YES;
				CLANG_WARN_ENUM_CONVERSION = YES;
				CLANG_WARN_INFINITE_RECURSION = YES;
				CLANG_WARN_INT_CONVERSION = YES;
				CLANG_WARN_NON_LITERAL_NULL_CONVERSION = YES;
				CLANG_WARN_OBJC_IMPLICIT_RETAIN_SELF = YES;
				CLANG_WARN_OBJC_LITERAL_CONVERSION = YES;
				CLANG_WARN_OBJC_ROOT_CLASS = YES_ERROR;
				CLANG_WARN_RANGE_LOOP_ANALYSIS = YES;
				CLANG_WARN_STRICT_PROTOTYPES = YES;
				CLANG_WARN_SUSPICIOUS_MOVE = YES;
				CLANG_WARN_UNGUARDED_AVAILABILITY = YES_AGGRESSIVE;
				CLANG_WARN_UNREACHABLE_CODE = YES;
				CLANG_WARN__DUPLICATE_METHOD_MATCH = YES;
				CODE_SIGN_IDENTITY = "iPhone Developer";
				COPY_PHASE_STRIP = NO;
				DEBUG_INFORMATION_FORMAT = dwarf;
				ENABLE_STRICT_OBJC_MSGSEND = YES;
				ENABLE_TESTABILITY = YES;
				GCC_C_LANGUAGE_STANDARD = gnu11;
				GCC_DYNAMIC_NO_PIC = NO;
				GCC_NO_COMMON_BLOCKS = YES;
				GCC_OPTIMIZATION_LEVEL = 0;
				GCC_PREPROCESSOR_DEFINITIONS = (
					"DEBUG=1",
					"$(inherited)",
				);
				GCC_WARN_64_TO_32_BIT_CONVERSION = YES;
				GCC_WARN_ABOUT_RETURN_TYPE = YES_ERROR;
				GCC_WARN_UNDECLARED_SELECTOR = YES;
				GCC_WARN_UNINITIALIZED_AUTOS = YES_AGGRESSIVE;
				GCC_WARN_UNUSED_FUNCTION = YES;
				GCC_WARN_UNUSED_VARIABLE = YES;
				IPHONEOS_DEPLOYMENT_TARGET = 12.4;
				MTL_ENABLE_DEBUG_INFO = INCLUDE_SOURCE;
				MTL_FAST_MATH = YES;
				ONLY_ACTIVE_ARCH = YES;
				SDKROOT = iphoneos;
				SWIFT_ACTIVE_COMPILATION_CONDITIONS = DEBUG;
				SWIFT_OPTIMIZATION_LEVEL = "-Onone";
			};
			name = Debug;
		};
		4222B0FA2359F9600049419A /* Release */ = {
			isa = XCBuildConfiguration;
			buildSettings = {
				ALWAYS_SEARCH_USER_PATHS = NO;
				CLANG_ANALYZER_NONNULL = YES;
				CLANG_ANALYZER_NUMBER_OBJECT_CONVERSION = YES_AGGRESSIVE;
				CLANG_CXX_LANGUAGE_STANDARD = "gnu++14";
				CLANG_CXX_LIBRARY = "libc++";
				CLANG_ENABLE_MODULES = YES;
				CLANG_ENABLE_OBJC_ARC = YES;
				CLANG_ENABLE_OBJC_WEAK = YES;
				CLANG_WARN_BLOCK_CAPTURE_AUTORELEASING = YES;
				CLANG_WARN_BOOL_CONVERSION = YES;
				CLANG_WARN_COMMA = YES;
				CLANG_WARN_CONSTANT_CONVERSION = YES;
				CLANG_WARN_DEPRECATED_OBJC_IMPLEMENTATIONS = YES;
				CLANG_WARN_DIRECT_OBJC_ISA_USAGE = YES_ERROR;
				CLANG_WARN_DOCUMENTATION_COMMENTS = YES;
				CLANG_WARN_EMPTY_BODY = YES;
				CLANG_WARN_ENUM_CONVERSION = YES;
				CLANG_WARN_INFINITE_RECURSION = YES;
				CLANG_WARN_INT_CONVERSION = YES;
				CLANG_WARN_NON_LITERAL_NULL_CONVERSION = YES;
				CLANG_WARN_OBJC_IMPLICIT_RETAIN_SELF = YES;
				CLANG_WARN_OBJC_LITERAL_CONVERSION = YES;
				CLANG_WARN_OBJC_ROOT_CLASS = YES_ERROR;
				CLANG_WARN_RANGE_LOOP_ANALYSIS = YES;
				CLANG_WARN_STRICT_PROTOTYPES = YES;
				CLANG_WARN_SUSPICIOUS_MOVE = YES;
				CLANG_WARN_UNGUARDED_AVAILABILITY = YES_AGGRESSIVE;
				CLANG_WARN_UNREACHABLE_CODE = YES;
				CLANG_WARN__DUPLICATE_METHOD_MATCH = YES;
				CODE_SIGN_IDENTITY = "iPhone Developer";
				COPY_PHASE_STRIP = NO;
				DEBUG_INFORMATION_FORMAT = "dwarf-with-dsym";
				ENABLE_NS_ASSERTIONS = NO;
				ENABLE_STRICT_OBJC_MSGSEND = YES;
				GCC_C_LANGUAGE_STANDARD = gnu11;
				GCC_NO_COMMON_BLOCKS = YES;
				GCC_WARN_64_TO_32_BIT_CONVERSION = YES;
				GCC_WARN_ABOUT_RETURN_TYPE = YES_ERROR;
				GCC_WARN_UNDECLARED_SELECTOR = YES;
				GCC_WARN_UNINITIALIZED_AUTOS = YES_AGGRESSIVE;
				GCC_WARN_UNUSED_FUNCTION = YES;
				GCC_WARN_UNUSED_VARIABLE = YES;
				IPHONEOS_DEPLOYMENT_TARGET = 12.4;
				MTL_ENABLE_DEBUG_INFO = NO;
				MTL_FAST_MATH = YES;
				SDKROOT = iphoneos;
				SWIFT_COMPILATION_MODE = wholemodule;
				SWIFT_OPTIMIZATION_LEVEL = "-O";
				VALIDATE_PRODUCT = YES;
			};
			name = Release;
		};
		4222B0FC2359F9600049419A /* Debug */ = {
			isa = XCBuildConfiguration;
			baseConfigurationReference = B9302708DE7B4168D2724665 /* Pods-nri_hack.debug.xcconfig */;
			buildSettings = {
				ASSETCATALOG_COMPILER_APPICON_NAME = AppIcon;
				CODE_SIGN_STYLE = Automatic;
				DEVELOPMENT_TEAM = R82WJ5W3TV;
				INFOPLIST_FILE = nri_hack/Info.plist;
				IPHONEOS_DEPLOYMENT_TARGET = 12.0;
				LD_RUNPATH_SEARCH_PATHS = (
					"$(inherited)",
					"@executable_path/Frameworks",
				);
				PRODUCT_BUNDLE_IDENTIFIER = "com.crane.nri-hack";
				PRODUCT_NAME = "$(TARGET_NAME)";
				SWIFT_VERSION = 5.0;
				TARGETED_DEVICE_FAMILY = "1,2";
			};
			name = Debug;
		};
		4222B0FD2359F9600049419A /* Release */ = {
			isa = XCBuildConfiguration;
			baseConfigurationReference = 07C706568B07D8347A9787C6 /* Pods-nri_hack.release.xcconfig */;
			buildSettings = {
				ASSETCATALOG_COMPILER_APPICON_NAME = AppIcon;
				CODE_SIGN_STYLE = Automatic;
				DEVELOPMENT_TEAM = R82WJ5W3TV;
				INFOPLIST_FILE = nri_hack/Info.plist;
				IPHONEOS_DEPLOYMENT_TARGET = 12.0;
				LD_RUNPATH_SEARCH_PATHS = (
					"$(inherited)",
					"@executable_path/Frameworks",
				);
				PRODUCT_BUNDLE_IDENTIFIER = "com.crane.nri-hack";
				PRODUCT_NAME = "$(TARGET_NAME)";
				SWIFT_VERSION = 5.0;
				TARGETED_DEVICE_FAMILY = "1,2";
			};
			name = Release;
		};
		4222B0FF2359F9600049419A /* Debug */ = {
			isa = XCBuildConfiguration;
			baseConfigurationReference = F55E5C29B929DD5FDFEF4C64 /* Pods-nri_hackTests.debug.xcconfig */;
			buildSettings = {
				ALWAYS_EMBED_SWIFT_STANDARD_LIBRARIES = YES;
				BUNDLE_LOADER = "$(TEST_HOST)";
				CODE_SIGN_STYLE = Automatic;
				DEVELOPMENT_TEAM = R82WJ5W3TV;
				INFOPLIST_FILE = nri_hackTests/Info.plist;
				LD_RUNPATH_SEARCH_PATHS = (
					"$(inherited)",
					"@executable_path/Frameworks",
					"@loader_path/Frameworks",
				);
				PRODUCT_BUNDLE_IDENTIFIER = "com.crane.nri-hackTests";
				PRODUCT_NAME = "$(TARGET_NAME)";
				SWIFT_VERSION = 5.0;
				TARGETED_DEVICE_FAMILY = "1,2";
				TEST_HOST = "$(BUILT_PRODUCTS_DIR)/nri_hack.app/nri_hack";
			};
			name = Debug;
		};
		4222B1002359F9600049419A /* Release */ = {
			isa = XCBuildConfiguration;
			baseConfigurationReference = E209476AED27D2FE9E26FF72 /* Pods-nri_hackTests.release.xcconfig */;
			buildSettings = {
				ALWAYS_EMBED_SWIFT_STANDARD_LIBRARIES = YES;
				BUNDLE_LOADER = "$(TEST_HOST)";
				CODE_SIGN_STYLE = Automatic;
				DEVELOPMENT_TEAM = R82WJ5W3TV;
				INFOPLIST_FILE = nri_hackTests/Info.plist;
				LD_RUNPATH_SEARCH_PATHS = (
					"$(inherited)",
					"@executable_path/Frameworks",
					"@loader_path/Frameworks",
				);
				PRODUCT_BUNDLE_IDENTIFIER = "com.crane.nri-hackTests";
				PRODUCT_NAME = "$(TARGET_NAME)";
				SWIFT_VERSION = 5.0;
				TARGETED_DEVICE_FAMILY = "1,2";
				TEST_HOST = "$(BUILT_PRODUCTS_DIR)/nri_hack.app/nri_hack";
			};
			name = Release;
		};
		4222B1022359F9600049419A /* Debug */ = {
			isa = XCBuildConfiguration;
			baseConfigurationReference = 664C01EDC556D53DB4D97EC4 /* Pods-nri_hackUITests.debug.xcconfig */;
			buildSettings = {
				ALWAYS_EMBED_SWIFT_STANDARD_LIBRARIES = YES;
				CODE_SIGN_STYLE = Automatic;
				DEVELOPMENT_TEAM = R82WJ5W3TV;
				INFOPLIST_FILE = nri_hackUITests/Info.plist;
				LD_RUNPATH_SEARCH_PATHS = (
					"$(inherited)",
					"@executable_path/Frameworks",
					"@loader_path/Frameworks",
				);
				PRODUCT_BUNDLE_IDENTIFIER = "com.crane.nri-hackUITests";
				PRODUCT_NAME = "$(TARGET_NAME)";
				SWIFT_VERSION = 5.0;
				TARGETED_DEVICE_FAMILY = "1,2";
				TEST_TARGET_NAME = nri_hack;
			};
			name = Debug;
		};
		4222B1032359F9600049419A /* Release */ = {
			isa = XCBuildConfiguration;
			baseConfigurationReference = 53660D6A44684EC3631A4115 /* Pods-nri_hackUITests.release.xcconfig */;
			buildSettings = {
				ALWAYS_EMBED_SWIFT_STANDARD_LIBRARIES = YES;
				CODE_SIGN_STYLE = Automatic;
				DEVELOPMENT_TEAM = R82WJ5W3TV;
				INFOPLIST_FILE = nri_hackUITests/Info.plist;
				LD_RUNPATH_SEARCH_PATHS = (
					"$(inherited)",
					"@executable_path/Frameworks",
					"@loader_path/Frameworks",
				);
				PRODUCT_BUNDLE_IDENTIFIER = "com.crane.nri-hackUITests";
				PRODUCT_NAME = "$(TARGET_NAME)";
				SWIFT_VERSION = 5.0;
				TARGETED_DEVICE_FAMILY = "1,2";
				TEST_TARGET_NAME = nri_hack;
			};
			name = Release;
		};
/* End XCBuildConfiguration section */

/* Begin XCConfigurationList section */
		4222B0CE2359F95F0049419A /* Build configuration list for PBXProject "nri_hack" */ = {
			isa = XCConfigurationList;
			buildConfigurations = (
				4222B0F92359F9600049419A /* Debug */,
				4222B0FA2359F9600049419A /* Release */,
			);
			defaultConfigurationIsVisible = 0;
			defaultConfigurationName = Release;
		};
		4222B0FB2359F9600049419A /* Build configuration list for PBXNativeTarget "nri_hack" */ = {
			isa = XCConfigurationList;
			buildConfigurations = (
				4222B0FC2359F9600049419A /* Debug */,
				4222B0FD2359F9600049419A /* Release */,
			);
			defaultConfigurationIsVisible = 0;
			defaultConfigurationName = Release;
		};
		4222B0FE2359F9600049419A /* Build configuration list for PBXNativeTarget "nri_hackTests" */ = {
			isa = XCConfigurationList;
			buildConfigurations = (
				4222B0FF2359F9600049419A /* Debug */,
				4222B1002359F9600049419A /* Release */,
			);
			defaultConfigurationIsVisible = 0;
			defaultConfigurationName = Release;
		};
		4222B1012359F9600049419A /* Build configuration list for PBXNativeTarget "nri_hackUITests" */ = {
			isa = XCConfigurationList;
			buildConfigurations = (
				4222B1022359F9600049419A /* Debug */,
				4222B1032359F9600049419A /* Release */,
			);
			defaultConfigurationIsVisible = 0;
			defaultConfigurationName = Release;
		};
/* End XCConfigurationList section */
	};
	rootObject = 4222B0CB2359F95F0049419A /* Project object */;
}
